
Microsoft Visual Studio Solution File, Format Version 11.00
# Visual Studio 2010
Project("{FAE04EC0-301F-11D3-BF4B-00C04F79EFBC}") = "Assembly-CSharp", "Assembly-CSharp.csproj", "{ba572dc9-0578-4fbd-a8cd-4906e246f6a5}"
EndProject
Project("{FAE04EC0-301F-11D3-BF4B-00C04F79EFBC}") = "NaughtyAttributes.Core", "NaughtyAttributes.Core.csproj", "{4ef7571b-681c-0e6f-dc1b-3b3cf9d7e261}"
EndProject
Project("{FAE04EC0-301F-11D3-BF4B-00C04F79EFBC}") = "Hierarchy2.Runtime", "Hierarchy2.Runtime.csproj", "{21eb7b8b-5089-62a3-1527-852fd2e4b6f9}"
EndProject
Project("{FAE04EC0-301F-11D3-BF4B-00C04F79EFBC}") = "ConeMeshAssembly", "ConeMeshAssembly.csproj", "{a6ae31eb-02f5-67fa-98e4-567f01d0b6f2}"
EndProject
Project("{FAE04EC0-301F-11D3-BF4B-00C04F79EFBC}") = "NaughtyAttributes.Editor", "NaughtyAttributes.Editor.csproj", "{f5a59e48-abf1-bcdb-9be7-368f906d2558}"
EndProject
Project("{FAE04EC0-301F-11D3-BF4B-00C04F79EFBC}") = "Assembly-CSharp-Editor", "Assembly-CSharp-Editor.csproj", "{9cdbfb87-7118-eb01-e7f9-e75cef79b938}"
EndProject
Project("{FAE04EC0-301F-11D3-BF4B-00C04F79EFBC}") = "Hierarchy2.Editor", "Hierarchy2.Editor.csproj", "{cede19e0-df63-3f3b-0777-346e4ae4c6d4}"
EndProject
Project("{FAE04EC0-301F-11D3-BF4B-00C04F79EFBC}") = "ConeMeshEditorAssembly", "ConeMeshEditorAssembly.csproj", "{944da4e7-6d72-b69e-b147-549f7b26b0d2}"
EndProject
Project("{FAE04EC0-301F-11D3-BF4B-00C04F79EFBC}") = "Assembly-CSharp-firstpass", "Assembly-CSharp-firstpass.csproj", "{e6be7310-9a99-c811-ea93-331e902d6534}"
EndProject
Global
	GlobalSection(SolutionConfigurationPlatforms) = preSolution
		Debug|Any CPU = Debug|Any CPU
	EndGlobalSection
	GlobalSection(ProjectConfigurationPlatforms) = postSolution
		{ba572dc9-0578-4fbd-a8cd-4906e246f6a5}.Debug|Any CPU.ActiveCfg = Debug|Any CPU
		{ba572dc9-0578-4fbd-a8cd-4906e246f6a5}.Debug|Any CPU.Build.0 = Debug|Any CPU
		{4ef7571b-681c-0e6f-dc1b-3b3cf9d7e261}.Debug|Any CPU.ActiveCfg = Debug|Any CPU
		{4ef7571b-681c-0e6f-dc1b-3b3cf9d7e261}.Debug|Any CPU.Build.0 = Debug|Any CPU
		{21eb7b8b-5089-62a3-1527-852fd2e4b6f9}.Debug|Any CPU.ActiveCfg = Debug|Any CPU
		{21eb7b8b-5089-62a3-1527-852fd2e4b6f9}.Debug|Any CPU.Build.0 = Debug|Any CPU
		{a6ae31eb-02f5-67fa-98e4-567f01d0b6f2}.Debug|Any CPU.ActiveCfg = Debug|Any CPU
		{a6ae31eb-02f5-67fa-98e4-567f01d0b6f2}.Debug|Any CPU.Build.0 = Debug|Any CPU
		{f5a59e48-abf1-bcdb-9be7-368f906d2558}.Debug|Any CPU.ActiveCfg = Debug|Any CPU
		{f5a59e48-abf1-bcdb-9be7-368f906d2558}.Debug|Any CPU.Build.0 = Debug|Any CPU
		{9cdbfb87-7118-eb01-e7f9-e75cef79b938}.Debug|Any CPU.ActiveCfg = Debug|Any CPU
		{9cdbfb87-7118-eb01-e7f9-e75cef79b938}.Debug|Any CPU.Build.0 = Debug|Any CPU
		{cede19e0-df63-3f3b-0777-346e4ae4c6d4}.Debug|Any CPU.ActiveCfg = Debug|Any CPU
		{cede19e0-df63-3f3b-0777-346e4ae4c6d4}.Debug|Any CPU.Build.0 = Debug|Any CPU
		{944da4e7-6d72-b69e-b147-549f7b26b0d2}.Debug|Any CPU.ActiveCfg = Debug|Any CPU
		{944da4e7-6d72-b69e-b147-549f7b26b0d2}.Debug|Any CPU.Build.0 = Debug|Any CPU
		{e6be7310-9a99-c811-ea93-331e902d6534}.Debug|Any CPU.ActiveCfg = Debug|Any CPU
		{e6be7310-9a99-c811-ea93-331e902d6534}.Debug|Any CPU.Build.0 = Debug|Any CPU
	EndGlobalSection
	GlobalSection(SolutionProperties) = preSolution
		HideSolutionNode = FALSE
	EndGlobalSection
EndGlobal
