
Microsoft Visual Studio Solution File, Format Version 12.00
# Visual Studio 15
Project("{FAE04EC0-301F-11D3-BF4B-00C04F79EFBC}") = "Assembly-CSharp", "Assembly-CSharp.csproj", "{C92D57BA-7805-BD4F-A8CD-4906E246F6A5}"
EndProject
Project("{FAE04EC0-301F-11D3-BF4B-00C04F79EFBC}") = "NaughtyAttributes.Core", "NaughtyAttributes.Core.csproj", "{1B57F74E-1C68-6F0E-DC1B-3B3CF9D7E261}"
EndProject
Project("{FAE04EC0-301F-11D3-BF4B-00C04F79EFBC}") = "Hierarchy2.Runtime", "Hierarchy2.Runtime.csproj", "{8B7BEB21-8950-A362-1527-852FD2E4B6F9}"
EndProject
Project("{FAE04EC0-301F-11D3-BF4B-00C04F79EFBC}") = "ConeMeshAssembly", "ConeMeshAssembly.csproj", "{EB31AEA6-F502-FA67-98E4-567F01D0B6F2}"
EndProject
Project("{FAE04EC0-301F-11D3-BF4B-00C04F79EFBC}") = "NaughtyAttributes.Editor", "NaughtyAttributes.Editor.csproj", "{489EA5F5-F1AB-DBBC-9BE7-368F906D2558}"
EndProject
Project("{FAE04EC0-301F-11D3-BF4B-00C04F79EFBC}") = "Assembly-CSharp-Editor", "Assembly-CSharp-Editor.csproj", "{87FBDB9C-1871-01EB-E7F9-E75CEF79B938}"
EndProject
Project("{FAE04EC0-301F-11D3-BF4B-00C04F79EFBC}") = "Hierarchy2.Editor", "Hierarchy2.Editor.csproj", "{E019DECE-63DF-3B3F-0777-346E4AE4C6D4}"
EndProject
Project("{FAE04EC0-301F-11D3-BF4B-00C04F79EFBC}") = "ConeMeshEditorAssembly", "ConeMeshEditorAssembly.csproj", "{E7A44D94-726D-9EB6-B147-549F7B26B0D2}"
EndProject
Global
	GlobalSection(SolutionConfigurationPlatforms) = preSolution
		Debug|Any CPU = Debug|Any CPU
		Release|Any CPU = Release|Any CPU
	EndGlobalSection
	GlobalSection(ProjectConfigurationPlatforms) = postSolution
		{C92D57BA-7805-BD4F-A8CD-4906E246F6A5}.Debug|Any CPU.ActiveCfg = Debug|Any CPU
		{C92D57BA-7805-BD4F-A8CD-4906E246F6A5}.Debug|Any CPU.Build.0 = Debug|Any CPU
		{C92D57BA-7805-BD4F-A8CD-4906E246F6A5}.Release|Any CPU.ActiveCfg = Release|Any CPU
		{C92D57BA-7805-BD4F-A8CD-4906E246F6A5}.Release|Any CPU.Build.0 = Release|Any CPU
		{1B57F74E-1C68-6F0E-DC1B-3B3CF9D7E261}.Debug|Any CPU.ActiveCfg = Debug|Any CPU
		{1B57F74E-1C68-6F0E-DC1B-3B3CF9D7E261}.Debug|Any CPU.Build.0 = Debug|Any CPU
		{1B57F74E-1C68-6F0E-DC1B-3B3CF9D7E261}.Release|Any CPU.ActiveCfg = Release|Any CPU
		{1B57F74E-1C68-6F0E-DC1B-3B3CF9D7E261}.Release|Any CPU.Build.0 = Release|Any CPU
		{8B7BEB21-8950-A362-1527-852FD2E4B6F9}.Debug|Any CPU.ActiveCfg = Debug|Any CPU
		{8B7BEB21-8950-A362-1527-852FD2E4B6F9}.Debug|Any CPU.Build.0 = Debug|Any CPU
		{8B7BEB21-8950-A362-1527-852FD2E4B6F9}.Release|Any CPU.ActiveCfg = Release|Any CPU
		{8B7BEB21-8950-A362-1527-852FD2E4B6F9}.Release|Any CPU.Build.0 = Release|Any CPU
		{EB31AEA6-F502-FA67-98E4-567F01D0B6F2}.Debug|Any CPU.ActiveCfg = Debug|Any CPU
		{EB31AEA6-F502-FA67-98E4-567F01D0B6F2}.Debug|Any CPU.Build.0 = Debug|Any CPU
		{EB31AEA6-F502-FA67-98E4-567F01D0B6F2}.Release|Any CPU.ActiveCfg = Release|Any CPU
		{EB31AEA6-F502-FA67-98E4-567F01D0B6F2}.Release|Any CPU.Build.0 = Release|Any CPU
		{489EA5F5-F1AB-DBBC-9BE7-368F906D2558}.Debug|Any CPU.ActiveCfg = Debug|Any CPU
		{489EA5F5-F1AB-DBBC-9BE7-368F906D2558}.Debug|Any CPU.Build.0 = Debug|Any CPU
		{489EA5F5-F1AB-DBBC-9BE7-368F906D2558}.Release|Any CPU.ActiveCfg = Release|Any CPU
		{489EA5F5-F1AB-DBBC-9BE7-368F906D2558}.Release|Any CPU.Build.0 = Release|Any CPU
		{87FBDB9C-1871-01EB-E7F9-E75CEF79B938}.Debug|Any CPU.ActiveCfg = Debug|Any CPU
		{87FBDB9C-1871-01EB-E7F9-E75CEF79B938}.Debug|Any CPU.Build.0 = Debug|Any CPU
		{87FBDB9C-1871-01EB-E7F9-E75CEF79B938}.Release|Any CPU.ActiveCfg = Release|Any CPU
		{87FBDB9C-1871-01EB-E7F9-E75CEF79B938}.Release|Any CPU.Build.0 = Release|Any CPU
		{E019DECE-63DF-3B3F-0777-346E4AE4C6D4}.Debug|Any CPU.ActiveCfg = Debug|Any CPU
		{E019DECE-63DF-3B3F-0777-346E4AE4C6D4}.Debug|Any CPU.Build.0 = Debug|Any CPU
		{E019DECE-63DF-3B3F-0777-346E4AE4C6D4}.Release|Any CPU.ActiveCfg = Release|Any CPU
		{E019DECE-63DF-3B3F-0777-346E4AE4C6D4}.Release|Any CPU.Build.0 = Release|Any CPU
		{E7A44D94-726D-9EB6-B147-549F7B26B0D2}.Debug|Any CPU.ActiveCfg = Debug|Any CPU
		{E7A44D94-726D-9EB6-B147-549F7B26B0D2}.Debug|Any CPU.Build.0 = Debug|Any CPU
		{E7A44D94-726D-9EB6-B147-549F7B26B0D2}.Release|Any CPU.ActiveCfg = Release|Any CPU
		{E7A44D94-726D-9EB6-B147-549F7B26B0D2}.Release|Any CPU.Build.0 = Release|Any CPU
	EndGlobalSection
	GlobalSection(SolutionProperties) = preSolution
		HideSolutionNode = FALSE
	EndGlobalSection
EndGlobal
