
Microsoft Visual Studio Solution File, Format Version 12.00
# Visual Studio 15
Project("{FAE04EC0-301F-11D3-BF4B-00C04F79EFBC}") = "Oculus.Platform", "Oculus.Platform.csproj", "{F4ED6097-AC3B-B580-BD73-69C38EFD19BE}"
EndProject
Project("{FAE04EC0-301F-11D3-BF4B-00C04F79EFBC}") = "Assembly-CSharp", "Assembly-CSharp.csproj", "{C92D57BA-7805-BD4F-A8CD-4906E246F6A5}"
EndProject
Project("{FAE04EC0-301F-11D3-BF4B-00C04F79EFBC}") = "Oculus.Interaction", "Oculus.Interaction.csproj", "{EC0A5DD1-608B-3F16-5895-EF1BEA39CFA9}"
EndProject
Project("{FAE04EC0-301F-11D3-BF4B-00C04F79EFBC}") = "Oculus.VR", "Oculus.VR.csproj", "{74F88932-9891-A4B2-D813-10A858DA7331}"
EndProject
Project("{FAE04EC0-301F-11D3-BF4B-00C04F79EFBC}") = "VoiceSDK.Dictation.Runtime", "VoiceSDK.Dictation.Runtime.csproj", "{0D2063D2-E6D7-3A06-EE26-C97378460BD3}"
EndProject
Project("{FAE04EC0-301F-11D3-BF4B-00C04F79EFBC}") = "VoiceSDK.Runtime", "VoiceSDK.Runtime.csproj", "{31A722DA-CB1F-126A-0222-9E08D626A2D6}"
EndProject
Project("{FAE04EC0-301F-11D3-BF4B-00C04F79EFBC}") = "Meta.WitAi", "Meta.WitAi.csproj", "{B7BCE04A-0E82-5896-FE90-0A24BF142922}"
EndProject
Project("{FAE04EC0-301F-11D3-BF4B-00C04F79EFBC}") = "Oculus.Interaction.OVR.Samples", "Oculus.Interaction.OVR.Samples.csproj", "{3C8F9D6A-B160-ABCE-6672-EDA11E861428}"
EndProject
Project("{FAE04EC0-301F-11D3-BF4B-00C04F79EFBC}") = "Meta.WitAi.TTS.Samples", "Meta.WitAi.TTS.Samples.csproj", "{B726AC28-4504-5F19-5BAB-C8942A2BB2D5}"
EndProject
Project("{FAE04EC0-301F-11D3-BF4B-00C04F79EFBC}") = "Meta.WitAi.Lib", "Meta.WitAi.Lib.csproj", "{2032413A-F7E5-64B1-E8D9-195D0B21436E}"
EndProject
Project("{FAE04EC0-301F-11D3-BF4B-00C04F79EFBC}") = "Oculus.Interaction.OVR", "Oculus.Interaction.OVR.csproj", "{3C2FFD55-7140-9E8C-B239-55DCE0F47DFD}"
EndProject
Project("{FAE04EC0-301F-11D3-BF4B-00C04F79EFBC}") = "Oculus.Voice.Demo", "Oculus.Voice.Demo.csproj", "{9137A4CA-25B1-E3B0-84E5-3D3918269D3D}"
EndProject
Project("{FAE04EC0-301F-11D3-BF4B-00C04F79EFBC}") = "AssistantCoreSDKRuntime", "AssistantCoreSDKRuntime.csproj", "{C770EDD7-846D-B488-CE7A-DC34EC8D9093}"
EndProject
Project("{FAE04EC0-301F-11D3-BF4B-00C04F79EFBC}") = "NaughtyAttributes.Core", "NaughtyAttributes.Core.csproj", "{1B57F74E-1C68-6F0E-DC1B-3B3CF9D7E261}"
EndProject
Project("{FAE04EC0-301F-11D3-BF4B-00C04F79EFBC}") = "Meta.WitAi.Conduit", "Meta.WitAi.Conduit.csproj", "{976ABAF8-65E9-B61F-1832-85457233CBC7}"
EndProject
Project("{FAE04EC0-301F-11D3-BF4B-00C04F79EFBC}") = "Oculus.AudioManager", "Oculus.AudioManager.csproj", "{71770BEA-87AB-3D36-B489-31DF8AE26DB7}"
EndProject
Project("{FAE04EC0-301F-11D3-BF4B-00C04F79EFBC}") = "Oculus.LipSync", "Oculus.LipSync.csproj", "{4F80268C-5094-7AF5-9AAE-9E9BED0B31C6}"
EndProject
Project("{FAE04EC0-301F-11D3-BF4B-00C04F79EFBC}") = "Oculus.Spatializer", "Oculus.Spatializer.csproj", "{B2C9DD1A-0907-BD9E-F0A9-714F173D23AC}"
EndProject
Project("{FAE04EC0-301F-11D3-BF4B-00C04F79EFBC}") = "Hierarchy2.Runtime", "Hierarchy2.Runtime.csproj", "{8B7BEB21-8950-A362-1527-852FD2E4B6F9}"
EndProject
Project("{FAE04EC0-301F-11D3-BF4B-00C04F79EFBC}") = "Meta.VoiceSDK.Mic.Other", "Meta.VoiceSDK.Mic.Other.csproj", "{5F204B1F-145F-2AE8-D114-E5471BF36A04}"
EndProject
Project("{FAE04EC0-301F-11D3-BF4B-00C04F79EFBC}") = "Meta.VoiceSDK.Mic.Common", "Meta.VoiceSDK.Mic.Common.csproj", "{063BAAED-D054-3D6C-5940-EA11EDBFC164}"
EndProject
Project("{FAE04EC0-301F-11D3-BF4B-00C04F79EFBC}") = "Facebook.Wit.Dictation", "Facebook.Wit.Dictation.csproj", "{06E0B5EA-D5DC-F248-6667-884C1A6EC4B8}"
EndProject
Project("{FAE04EC0-301F-11D3-BF4B-00C04F79EFBC}") = "Meta.WitAi.TTS", "Meta.WitAi.TTS.csproj", "{2F7DF935-4DDC-F6B7-E809-1719998F01E0}"
EndProject
Project("{FAE04EC0-301F-11D3-BF4B-00C04F79EFBC}") = "Meta.WitAi.Editor", "Meta.WitAi.Editor.csproj", "{7C5294B6-3437-1061-691C-C2663865C923}"
EndProject
Project("{FAE04EC0-301F-11D3-BF4B-00C04F79EFBC}") = "Meta.WitAI.Lib.Editor", "Meta.WitAI.Lib.Editor.csproj", "{1D8074AB-B60D-B927-F922-AE84DF453370}"
EndProject
Project("{FAE04EC0-301F-11D3-BF4B-00C04F79EFBC}") = "NaughtyAttributes.Editor", "NaughtyAttributes.Editor.csproj", "{489EA5F5-F1AB-DBBC-9BE7-368F906D2558}"
EndProject
Project("{FAE04EC0-301F-11D3-BF4B-00C04F79EFBC}") = "Oculus.VR.Editor", "Oculus.VR.Editor.csproj", "{F8D9D897-AFD5-A80B-0123-E377B76442D3}"
EndProject
Project("{FAE04EC0-301F-11D3-BF4B-00C04F79EFBC}") = "Meta.WitAi.Conduit.Editor", "Meta.WitAi.Conduit.Editor.csproj", "{A10016E5-5EA6-BE4D-8474-23B1299E587B}"
EndProject
Project("{FAE04EC0-301F-11D3-BF4B-00C04F79EFBC}") = "Oculus.Interaction.Editor", "Oculus.Interaction.Editor.csproj", "{8CF13A48-FCB5-4886-BAE4-7C59F5A5EBC5}"
EndProject
Project("{FAE04EC0-301F-11D3-BF4B-00C04F79EFBC}") = "Oculus.Interaction.OVR.Editor", "Oculus.Interaction.OVR.Editor.csproj", "{8F1CC4FD-3A41-7246-58CB-B7F98DD26ED8}"
EndProject
Project("{FAE04EC0-301F-11D3-BF4B-00C04F79EFBC}") = "Assembly-CSharp-Editor", "Assembly-CSharp-Editor.csproj", "{87FBDB9C-1871-01EB-E7F9-E75CEF79B938}"
EndProject
Project("{FAE04EC0-301F-11D3-BF4B-00C04F79EFBC}") = "Oculus.VR.Scripts.Editor", "Oculus.VR.Scripts.Editor.csproj", "{7F062628-AFC6-FC92-6444-E9FD40A61A21}"
EndProject
Project("{FAE04EC0-301F-11D3-BF4B-00C04F79EFBC}") = "Oculus.Spatializer.Editor", "Oculus.Spatializer.Editor.csproj", "{5A215904-7614-EE33-FA9E-F5CB61C80911}"
EndProject
Project("{FAE04EC0-301F-11D3-BF4B-00C04F79EFBC}") = "Meta.WitAi.TTS.Editor", "Meta.WitAi.TTS.Editor.csproj", "{3D2C385A-F7D5-1479-765A-16F2BA0B6FEE}"
EndProject
Project("{FAE04EC0-301F-11D3-BF4B-00C04F79EFBC}") = "VoiceSDK.Dictation.Editor", "VoiceSDK.Dictation.Editor.csproj", "{BB54604A-143F-FDA3-F68A-7B90397031D7}"
EndProject
Project("{FAE04EC0-301F-11D3-BF4B-00C04F79EFBC}") = "Oculus.Platform.Editor", "Oculus.Platform.Editor.csproj", "{F8F8E084-C4AA-493E-DA6E-43CA4E7DED3D}"
EndProject
Project("{FAE04EC0-301F-11D3-BF4B-00C04F79EFBC}") = "VoiceSDK.Editor", "VoiceSDK.Editor.csproj", "{FC06D5C4-0DC5-3A16-5276-7ECB276CD89E}"
EndProject
Project("{FAE04EC0-301F-11D3-BF4B-00C04F79EFBC}") = "Oculus.AudioManager.Audio.Editor", "Oculus.AudioManager.Audio.Editor.csproj", "{14544EE4-D027-A581-3B8E-C4ACE0149855}"
EndProject
Project("{FAE04EC0-301F-11D3-BF4B-00C04F79EFBC}") = "Oculus.LipSync.Editor", "Oculus.LipSync.Editor.csproj", "{07C02A5D-ADAF-69A1-6B5A-4C3FC4E7623B}"
EndProject
Project("{FAE04EC0-301F-11D3-BF4B-00C04F79EFBC}") = "Oculus.AudioManager.Utils.Editor", "Oculus.AudioManager.Utils.Editor.csproj", "{565B8F41-9C10-E541-8449-FDCF83401C71}"
EndProject
Project("{FAE04EC0-301F-11D3-BF4B-00C04F79EFBC}") = "Hierarchy2.Editor", "Hierarchy2.Editor.csproj", "{E019DECE-63DF-3B3F-0777-346E4AE4C6D4}"
EndProject
Project("{FAE04EC0-301F-11D3-BF4B-00C04F79EFBC}") = "Oculus.Interaction.Samples.Editor", "Oculus.Interaction.Samples.Editor.csproj", "{75E08DC8-8E96-3638-53CC-9533DDA2BAA8}"
EndProject
Project("{FAE04EC0-301F-11D3-BF4B-00C04F79EFBC}") = "Facebook.Wit.Dictation.Editor", "Facebook.Wit.Dictation.Editor.csproj", "{177A82A2-35C6-C376-5FC2-4323A2D5AB91}"
EndProject
Project("{FAE04EC0-301F-11D3-BF4B-00C04F79EFBC}") = "Oculus.Interaction.InterfaceSupport", "Oculus.Interaction.InterfaceSupport.csproj", "{0584F771-465F-C6D1-FD54-16FD1DA8BA5F}"
EndProject
Project("{FAE04EC0-301F-11D3-BF4B-00C04F79EFBC}") = "AssistantCoreSDKEditor", "AssistantCoreSDKEditor.csproj", "{8D190085-BBEF-3B89-F627-DD3FF88780AE}"
EndProject
Global
	GlobalSection(SolutionConfigurationPlatforms) = preSolution
		Debug|Any CPU = Debug|Any CPU
		Release|Any CPU = Release|Any CPU
	EndGlobalSection
	GlobalSection(ProjectConfigurationPlatforms) = postSolution
		{F4ED6097-AC3B-B580-BD73-69C38EFD19BE}.Debug|Any CPU.ActiveCfg = Debug|Any CPU
		{F4ED6097-AC3B-B580-BD73-69C38EFD19BE}.Debug|Any CPU.Build.0 = Debug|Any CPU
		{F4ED6097-AC3B-B580-BD73-69C38EFD19BE}.Release|Any CPU.ActiveCfg = Release|Any CPU
		{F4ED6097-AC3B-B580-BD73-69C38EFD19BE}.Release|Any CPU.Build.0 = Release|Any CPU
		{C92D57BA-7805-BD4F-A8CD-4906E246F6A5}.Debug|Any CPU.ActiveCfg = Debug|Any CPU
		{C92D57BA-7805-BD4F-A8CD-4906E246F6A5}.Debug|Any CPU.Build.0 = Debug|Any CPU
		{C92D57BA-7805-BD4F-A8CD-4906E246F6A5}.Release|Any CPU.ActiveCfg = Release|Any CPU
		{C92D57BA-7805-BD4F-A8CD-4906E246F6A5}.Release|Any CPU.Build.0 = Release|Any CPU
		{EC0A5DD1-608B-3F16-5895-EF1BEA39CFA9}.Debug|Any CPU.ActiveCfg = Debug|Any CPU
		{EC0A5DD1-608B-3F16-5895-EF1BEA39CFA9}.Debug|Any CPU.Build.0 = Debug|Any CPU
		{EC0A5DD1-608B-3F16-5895-EF1BEA39CFA9}.Release|Any CPU.ActiveCfg = Release|Any CPU
		{EC0A5DD1-608B-3F16-5895-EF1BEA39CFA9}.Release|Any CPU.Build.0 = Release|Any CPU
		{74F88932-9891-A4B2-D813-10A858DA7331}.Debug|Any CPU.ActiveCfg = Debug|Any CPU
		{74F88932-9891-A4B2-D813-10A858DA7331}.Debug|Any CPU.Build.0 = Debug|Any CPU
		{74F88932-9891-A4B2-D813-10A858DA7331}.Release|Any CPU.ActiveCfg = Release|Any CPU
		{74F88932-9891-A4B2-D813-10A858DA7331}.Release|Any CPU.Build.0 = Release|Any CPU
		{0D2063D2-E6D7-3A06-EE26-C97378460BD3}.Debug|Any CPU.ActiveCfg = Debug|Any CPU
		{0D2063D2-E6D7-3A06-EE26-C97378460BD3}.Debug|Any CPU.Build.0 = Debug|Any CPU
		{0D2063D2-E6D7-3A06-EE26-C97378460BD3}.Release|Any CPU.ActiveCfg = Release|Any CPU
		{0D2063D2-E6D7-3A06-EE26-C97378460BD3}.Release|Any CPU.Build.0 = Release|Any CPU
		{31A722DA-CB1F-126A-0222-9E08D626A2D6}.Debug|Any CPU.ActiveCfg = Debug|Any CPU
		{31A722DA-CB1F-126A-0222-9E08D626A2D6}.Debug|Any CPU.Build.0 = Debug|Any CPU
		{31A722DA-CB1F-126A-0222-9E08D626A2D6}.Release|Any CPU.ActiveCfg = Release|Any CPU
		{31A722DA-CB1F-126A-0222-9E08D626A2D6}.Release|Any CPU.Build.0 = Release|Any CPU
		{B7BCE04A-0E82-5896-FE90-0A24BF142922}.Debug|Any CPU.ActiveCfg = Debug|Any CPU
		{B7BCE04A-0E82-5896-FE90-0A24BF142922}.Debug|Any CPU.Build.0 = Debug|Any CPU
		{B7BCE04A-0E82-5896-FE90-0A24BF142922}.Release|Any CPU.ActiveCfg = Release|Any CPU
		{B7BCE04A-0E82-5896-FE90-0A24BF142922}.Release|Any CPU.Build.0 = Release|Any CPU
		{3C8F9D6A-B160-ABCE-6672-EDA11E861428}.Debug|Any CPU.ActiveCfg = Debug|Any CPU
		{3C8F9D6A-B160-ABCE-6672-EDA11E861428}.Debug|Any CPU.Build.0 = Debug|Any CPU
		{3C8F9D6A-B160-ABCE-6672-EDA11E861428}.Release|Any CPU.ActiveCfg = Release|Any CPU
		{3C8F9D6A-B160-ABCE-6672-EDA11E861428}.Release|Any CPU.Build.0 = Release|Any CPU
		{B726AC28-4504-5F19-5BAB-C8942A2BB2D5}.Debug|Any CPU.ActiveCfg = Debug|Any CPU
		{B726AC28-4504-5F19-5BAB-C8942A2BB2D5}.Debug|Any CPU.Build.0 = Debug|Any CPU
		{B726AC28-4504-5F19-5BAB-C8942A2BB2D5}.Release|Any CPU.ActiveCfg = Release|Any CPU
		{B726AC28-4504-5F19-5BAB-C8942A2BB2D5}.Release|Any CPU.Build.0 = Release|Any CPU
		{2032413A-F7E5-64B1-E8D9-195D0B21436E}.Debug|Any CPU.ActiveCfg = Debug|Any CPU
		{2032413A-F7E5-64B1-E8D9-195D0B21436E}.Debug|Any CPU.Build.0 = Debug|Any CPU
		{2032413A-F7E5-64B1-E8D9-195D0B21436E}.Release|Any CPU.ActiveCfg = Release|Any CPU
		{2032413A-F7E5-64B1-E8D9-195D0B21436E}.Release|Any CPU.Build.0 = Release|Any CPU
		{3C2FFD55-7140-9E8C-B239-55DCE0F47DFD}.Debug|Any CPU.ActiveCfg = Debug|Any CPU
		{3C2FFD55-7140-9E8C-B239-55DCE0F47DFD}.Debug|Any CPU.Build.0 = Debug|Any CPU
		{3C2FFD55-7140-9E8C-B239-55DCE0F47DFD}.Release|Any CPU.ActiveCfg = Release|Any CPU
		{3C2FFD55-7140-9E8C-B239-55DCE0F47DFD}.Release|Any CPU.Build.0 = Release|Any CPU
		{9137A4CA-25B1-E3B0-84E5-3D3918269D3D}.Debug|Any CPU.ActiveCfg = Debug|Any CPU
		{9137A4CA-25B1-E3B0-84E5-3D3918269D3D}.Debug|Any CPU.Build.0 = Debug|Any CPU
		{9137A4CA-25B1-E3B0-84E5-3D3918269D3D}.Release|Any CPU.ActiveCfg = Release|Any CPU
		{9137A4CA-25B1-E3B0-84E5-3D3918269D3D}.Release|Any CPU.Build.0 = Release|Any CPU
		{C770EDD7-846D-B488-CE7A-DC34EC8D9093}.Debug|Any CPU.ActiveCfg = Debug|Any CPU
		{C770EDD7-846D-B488-CE7A-DC34EC8D9093}.Debug|Any CPU.Build.0 = Debug|Any CPU
		{C770EDD7-846D-B488-CE7A-DC34EC8D9093}.Release|Any CPU.ActiveCfg = Release|Any CPU
		{C770EDD7-846D-B488-CE7A-DC34EC8D9093}.Release|Any CPU.Build.0 = Release|Any CPU
		{1B57F74E-1C68-6F0E-DC1B-3B3CF9D7E261}.Debug|Any CPU.ActiveCfg = Debug|Any CPU
		{1B57F74E-1C68-6F0E-DC1B-3B3CF9D7E261}.Debug|Any CPU.Build.0 = Debug|Any CPU
		{1B57F74E-1C68-6F0E-DC1B-3B3CF9D7E261}.Release|Any CPU.ActiveCfg = Release|Any CPU
		{1B57F74E-1C68-6F0E-DC1B-3B3CF9D7E261}.Release|Any CPU.Build.0 = Release|Any CPU
		{976ABAF8-65E9-B61F-1832-85457233CBC7}.Debug|Any CPU.ActiveCfg = Debug|Any CPU
		{976ABAF8-65E9-B61F-1832-85457233CBC7}.Debug|Any CPU.Build.0 = Debug|Any CPU
		{976ABAF8-65E9-B61F-1832-85457233CBC7}.Release|Any CPU.ActiveCfg = Release|Any CPU
		{976ABAF8-65E9-B61F-1832-85457233CBC7}.Release|Any CPU.Build.0 = Release|Any CPU
		{71770BEA-87AB-3D36-B489-31DF8AE26DB7}.Debug|Any CPU.ActiveCfg = Debug|Any CPU
		{71770BEA-87AB-3D36-B489-31DF8AE26DB7}.Debug|Any CPU.Build.0 = Debug|Any CPU
		{71770BEA-87AB-3D36-B489-31DF8AE26DB7}.Release|Any CPU.ActiveCfg = Release|Any CPU
		{71770BEA-87AB-3D36-B489-31DF8AE26DB7}.Release|Any CPU.Build.0 = Release|Any CPU
		{4F80268C-5094-7AF5-9AAE-9E9BED0B31C6}.Debug|Any CPU.ActiveCfg = Debug|Any CPU
		{4F80268C-5094-7AF5-9AAE-9E9BED0B31C6}.Debug|Any CPU.Build.0 = Debug|Any CPU
		{4F80268C-5094-7AF5-9AAE-9E9BED0B31C6}.Release|Any CPU.ActiveCfg = Release|Any CPU
		{4F80268C-5094-7AF5-9AAE-9E9BED0B31C6}.Release|Any CPU.Build.0 = Release|Any CPU
		{B2C9DD1A-0907-BD9E-F0A9-714F173D23AC}.Debug|Any CPU.ActiveCfg = Debug|Any CPU
		{B2C9DD1A-0907-BD9E-F0A9-714F173D23AC}.Debug|Any CPU.Build.0 = Debug|Any CPU
		{B2C9DD1A-0907-BD9E-F0A9-714F173D23AC}.Release|Any CPU.ActiveCfg = Release|Any CPU
		{B2C9DD1A-0907-BD9E-F0A9-714F173D23AC}.Release|Any CPU.Build.0 = Release|Any CPU
		{8B7BEB21-8950-A362-1527-852FD2E4B6F9}.Debug|Any CPU.ActiveCfg = Debug|Any CPU
		{8B7BEB21-8950-A362-1527-852FD2E4B6F9}.Debug|Any CPU.Build.0 = Debug|Any CPU
		{8B7BEB21-8950-A362-1527-852FD2E4B6F9}.Release|Any CPU.ActiveCfg = Release|Any CPU
		{8B7BEB21-8950-A362-1527-852FD2E4B6F9}.Release|Any CPU.Build.0 = Release|Any CPU
		{5F204B1F-145F-2AE8-D114-E5471BF36A04}.Debug|Any CPU.ActiveCfg = Debug|Any CPU
		{5F204B1F-145F-2AE8-D114-E5471BF36A04}.Debug|Any CPU.Build.0 = Debug|Any CPU
		{5F204B1F-145F-2AE8-D114-E5471BF36A04}.Release|Any CPU.ActiveCfg = Release|Any CPU
		{5F204B1F-145F-2AE8-D114-E5471BF36A04}.Release|Any CPU.Build.0 = Release|Any CPU
		{063BAAED-D054-3D6C-5940-EA11EDBFC164}.Debug|Any CPU.ActiveCfg = Debug|Any CPU
		{063BAAED-D054-3D6C-5940-EA11EDBFC164}.Debug|Any CPU.Build.0 = Debug|Any CPU
		{063BAAED-D054-3D6C-5940-EA11EDBFC164}.Release|Any CPU.ActiveCfg = Release|Any CPU
		{063BAAED-D054-3D6C-5940-EA11EDBFC164}.Release|Any CPU.Build.0 = Release|Any CPU
		{06E0B5EA-D5DC-F248-6667-884C1A6EC4B8}.Debug|Any CPU.ActiveCfg = Debug|Any CPU
		{06E0B5EA-D5DC-F248-6667-884C1A6EC4B8}.Debug|Any CPU.Build.0 = Debug|Any CPU
		{06E0B5EA-D5DC-F248-6667-884C1A6EC4B8}.Release|Any CPU.ActiveCfg = Release|Any CPU
		{06E0B5EA-D5DC-F248-6667-884C1A6EC4B8}.Release|Any CPU.Build.0 = Release|Any CPU
		{2F7DF935-4DDC-F6B7-E809-1719998F01E0}.Debug|Any CPU.ActiveCfg = Debug|Any CPU
		{2F7DF935-4DDC-F6B7-E809-1719998F01E0}.Debug|Any CPU.Build.0 = Debug|Any CPU
		{2F7DF935-4DDC-F6B7-E809-1719998F01E0}.Release|Any CPU.ActiveCfg = Release|Any CPU
		{2F7DF935-4DDC-F6B7-E809-1719998F01E0}.Release|Any CPU.Build.0 = Release|Any CPU
		{7C5294B6-3437-1061-691C-C2663865C923}.Debug|Any CPU.ActiveCfg = Debug|Any CPU
		{7C5294B6-3437-1061-691C-C2663865C923}.Debug|Any CPU.Build.0 = Debug|Any CPU
		{7C5294B6-3437-1061-691C-C2663865C923}.Release|Any CPU.ActiveCfg = Release|Any CPU
		{7C5294B6-3437-1061-691C-C2663865C923}.Release|Any CPU.Build.0 = Release|Any CPU
		{1D8074AB-B60D-B927-F922-AE84DF453370}.Debug|Any CPU.ActiveCfg = Debug|Any CPU
		{1D8074AB-B60D-B927-F922-AE84DF453370}.Debug|Any CPU.Build.0 = Debug|Any CPU
		{1D8074AB-B60D-B927-F922-AE84DF453370}.Release|Any CPU.ActiveCfg = Release|Any CPU
		{1D8074AB-B60D-B927-F922-AE84DF453370}.Release|Any CPU.Build.0 = Release|Any CPU
		{489EA5F5-F1AB-DBBC-9BE7-368F906D2558}.Debug|Any CPU.ActiveCfg = Debug|Any CPU
		{489EA5F5-F1AB-DBBC-9BE7-368F906D2558}.Debug|Any CPU.Build.0 = Debug|Any CPU
		{489EA5F5-F1AB-DBBC-9BE7-368F906D2558}.Release|Any CPU.ActiveCfg = Release|Any CPU
		{489EA5F5-F1AB-DBBC-9BE7-368F906D2558}.Release|Any CPU.Build.0 = Release|Any CPU
		{F8D9D897-AFD5-A80B-0123-E377B76442D3}.Debug|Any CPU.ActiveCfg = Debug|Any CPU
		{F8D9D897-AFD5-A80B-0123-E377B76442D3}.Debug|Any CPU.Build.0 = Debug|Any CPU
		{F8D9D897-AFD5-A80B-0123-E377B76442D3}.Release|Any CPU.ActiveCfg = Release|Any CPU
		{F8D9D897-AFD5-A80B-0123-E377B76442D3}.Release|Any CPU.Build.0 = Release|Any CPU
		{A10016E5-5EA6-BE4D-8474-23B1299E587B}.Debug|Any CPU.ActiveCfg = Debug|Any CPU
		{A10016E5-5EA6-BE4D-8474-23B1299E587B}.Debug|Any CPU.Build.0 = Debug|Any CPU
		{A10016E5-5EA6-BE4D-8474-23B1299E587B}.Release|Any CPU.ActiveCfg = Release|Any CPU
		{A10016E5-5EA6-BE4D-8474-23B1299E587B}.Release|Any CPU.Build.0 = Release|Any CPU
		{8CF13A48-FCB5-4886-BAE4-7C59F5A5EBC5}.Debug|Any CPU.ActiveCfg = Debug|Any CPU
		{8CF13A48-FCB5-4886-BAE4-7C59F5A5EBC5}.Debug|Any CPU.Build.0 = Debug|Any CPU
		{8CF13A48-FCB5-4886-BAE4-7C59F5A5EBC5}.Release|Any CPU.ActiveCfg = Release|Any CPU
		{8CF13A48-FCB5-4886-BAE4-7C59F5A5EBC5}.Release|Any CPU.Build.0 = Release|Any CPU
		{8F1CC4FD-3A41-7246-58CB-B7F98DD26ED8}.Debug|Any CPU.ActiveCfg = Debug|Any CPU
		{8F1CC4FD-3A41-7246-58CB-B7F98DD26ED8}.Debug|Any CPU.Build.0 = Debug|Any CPU
		{8F1CC4FD-3A41-7246-58CB-B7F98DD26ED8}.Release|Any CPU.ActiveCfg = Release|Any CPU
		{8F1CC4FD-3A41-7246-58CB-B7F98DD26ED8}.Release|Any CPU.Build.0 = Release|Any CPU
		{87FBDB9C-1871-01EB-E7F9-E75CEF79B938}.Debug|Any CPU.ActiveCfg = Debug|Any CPU
		{87FBDB9C-1871-01EB-E7F9-E75CEF79B938}.Debug|Any CPU.Build.0 = Debug|Any CPU
		{87FBDB9C-1871-01EB-E7F9-E75CEF79B938}.Release|Any CPU.ActiveCfg = Release|Any CPU
		{87FBDB9C-1871-01EB-E7F9-E75CEF79B938}.Release|Any CPU.Build.0 = Release|Any CPU
		{7F062628-AFC6-FC92-6444-E9FD40A61A21}.Debug|Any CPU.ActiveCfg = Debug|Any CPU
		{7F062628-AFC6-FC92-6444-E9FD40A61A21}.Debug|Any CPU.Build.0 = Debug|Any CPU
		{7F062628-AFC6-FC92-6444-E9FD40A61A21}.Release|Any CPU.ActiveCfg = Release|Any CPU
		{7F062628-AFC6-FC92-6444-E9FD40A61A21}.Release|Any CPU.Build.0 = Release|Any CPU
		{5A215904-7614-EE33-FA9E-F5CB61C80911}.Debug|Any CPU.ActiveCfg = Debug|Any CPU
		{5A215904-7614-EE33-FA9E-F5CB61C80911}.Debug|Any CPU.Build.0 = Debug|Any CPU
		{5A215904-7614-EE33-FA9E-F5CB61C80911}.Release|Any CPU.ActiveCfg = Release|Any CPU
		{5A215904-7614-EE33-FA9E-F5CB61C80911}.Release|Any CPU.Build.0 = Release|Any CPU
		{3D2C385A-F7D5-1479-765A-16F2BA0B6FEE}.Debug|Any CPU.ActiveCfg = Debug|Any CPU
		{3D2C385A-F7D5-1479-765A-16F2BA0B6FEE}.Debug|Any CPU.Build.0 = Debug|Any CPU
		{3D2C385A-F7D5-1479-765A-16F2BA0B6FEE}.Release|Any CPU.ActiveCfg = Release|Any CPU
		{3D2C385A-F7D5-1479-765A-16F2BA0B6FEE}.Release|Any CPU.Build.0 = Release|Any CPU
		{BB54604A-143F-FDA3-F68A-7B90397031D7}.Debug|Any CPU.ActiveCfg = Debug|Any CPU
		{BB54604A-143F-FDA3-F68A-7B90397031D7}.Debug|Any CPU.Build.0 = Debug|Any CPU
		{BB54604A-143F-FDA3-F68A-7B90397031D7}.Release|Any CPU.ActiveCfg = Release|Any CPU
		{BB54604A-143F-FDA3-F68A-7B90397031D7}.Release|Any CPU.Build.0 = Release|Any CPU
		{F8F8E084-C4AA-493E-DA6E-43CA4E7DED3D}.Debug|Any CPU.ActiveCfg = Debug|Any CPU
		{F8F8E084-C4AA-493E-DA6E-43CA4E7DED3D}.Debug|Any CPU.Build.0 = Debug|Any CPU
		{F8F8E084-C4AA-493E-DA6E-43CA4E7DED3D}.Release|Any CPU.ActiveCfg = Release|Any CPU
		{F8F8E084-C4AA-493E-DA6E-43CA4E7DED3D}.Release|Any CPU.Build.0 = Release|Any CPU
		{FC06D5C4-0DC5-3A16-5276-7ECB276CD89E}.Debug|Any CPU.ActiveCfg = Debug|Any CPU
		{FC06D5C4-0DC5-3A16-5276-7ECB276CD89E}.Debug|Any CPU.Build.0 = Debug|Any CPU
		{FC06D5C4-0DC5-3A16-5276-7ECB276CD89E}.Release|Any CPU.ActiveCfg = Release|Any CPU
		{FC06D5C4-0DC5-3A16-5276-7ECB276CD89E}.Release|Any CPU.Build.0 = Release|Any CPU
		{14544EE4-D027-A581-3B8E-C4ACE0149855}.Debug|Any CPU.ActiveCfg = Debug|Any CPU
		{14544EE4-D027-A581-3B8E-C4ACE0149855}.Debug|Any CPU.Build.0 = Debug|Any CPU
		{14544EE4-D027-A581-3B8E-C4ACE0149855}.Release|Any CPU.ActiveCfg = Release|Any CPU
		{14544EE4-D027-A581-3B8E-C4ACE0149855}.Release|Any CPU.Build.0 = Release|Any CPU
		{07C02A5D-ADAF-69A1-6B5A-4C3FC4E7623B}.Debug|Any CPU.ActiveCfg = Debug|Any CPU
		{07C02A5D-ADAF-69A1-6B5A-4C3FC4E7623B}.Debug|Any CPU.Build.0 = Debug|Any CPU
		{07C02A5D-ADAF-69A1-6B5A-4C3FC4E7623B}.Release|Any CPU.ActiveCfg = Release|Any CPU
		{07C02A5D-ADAF-69A1-6B5A-4C3FC4E7623B}.Release|Any CPU.Build.0 = Release|Any CPU
		{565B8F41-9C10-E541-8449-FDCF83401C71}.Debug|Any CPU.ActiveCfg = Debug|Any CPU
		{565B8F41-9C10-E541-8449-FDCF83401C71}.Debug|Any CPU.Build.0 = Debug|Any CPU
		{565B8F41-9C10-E541-8449-FDCF83401C71}.Release|Any CPU.ActiveCfg = Release|Any CPU
		{565B8F41-9C10-E541-8449-FDCF83401C71}.Release|Any CPU.Build.0 = Release|Any CPU
		{E019DECE-63DF-3B3F-0777-346E4AE4C6D4}.Debug|Any CPU.ActiveCfg = Debug|Any CPU
		{E019DECE-63DF-3B3F-0777-346E4AE4C6D4}.Debug|Any CPU.Build.0 = Debug|Any CPU
		{E019DECE-63DF-3B3F-0777-346E4AE4C6D4}.Release|Any CPU.ActiveCfg = Release|Any CPU
		{E019DECE-63DF-3B3F-0777-346E4AE4C6D4}.Release|Any CPU.Build.0 = Release|Any CPU
		{75E08DC8-8E96-3638-53CC-9533DDA2BAA8}.Debug|Any CPU.ActiveCfg = Debug|Any CPU
		{75E08DC8-8E96-3638-53CC-9533DDA2BAA8}.Debug|Any CPU.Build.0 = Debug|Any CPU
		{75E08DC8-8E96-3638-53CC-9533DDA2BAA8}.Release|Any CPU.ActiveCfg = Release|Any CPU
		{75E08DC8-8E96-3638-53CC-9533DDA2BAA8}.Release|Any CPU.Build.0 = Release|Any CPU
		{177A82A2-35C6-C376-5FC2-4323A2D5AB91}.Debug|Any CPU.ActiveCfg = Debug|Any CPU
		{177A82A2-35C6-C376-5FC2-4323A2D5AB91}.Debug|Any CPU.Build.0 = Debug|Any CPU
		{177A82A2-35C6-C376-5FC2-4323A2D5AB91}.Release|Any CPU.ActiveCfg = Release|Any CPU
		{177A82A2-35C6-C376-5FC2-4323A2D5AB91}.Release|Any CPU.Build.0 = Release|Any CPU
		{0584F771-465F-C6D1-FD54-16FD1DA8BA5F}.Debug|Any CPU.ActiveCfg = Debug|Any CPU
		{0584F771-465F-C6D1-FD54-16FD1DA8BA5F}.Debug|Any CPU.Build.0 = Debug|Any CPU
		{0584F771-465F-C6D1-FD54-16FD1DA8BA5F}.Release|Any CPU.ActiveCfg = Release|Any CPU
		{0584F771-465F-C6D1-FD54-16FD1DA8BA5F}.Release|Any CPU.Build.0 = Release|Any CPU
		{8D190085-BBEF-3B89-F627-DD3FF88780AE}.Debug|Any CPU.ActiveCfg = Debug|Any CPU
		{8D190085-BBEF-3B89-F627-DD3FF88780AE}.Debug|Any CPU.Build.0 = Debug|Any CPU
		{8D190085-BBEF-3B89-F627-DD3FF88780AE}.Release|Any CPU.ActiveCfg = Release|Any CPU
		{8D190085-BBEF-3B89-F627-DD3FF88780AE}.Release|Any CPU.Build.0 = Release|Any CPU
	EndGlobalSection
	GlobalSection(SolutionProperties) = preSolution
		HideSolutionNode = FALSE
	EndGlobalSection
EndGlobal
